
Microsoft Visual Studio Solution File, Format Version 12.00
# Visual Studio Version 16
VisualStudioVersion = 16.0.30225.117
MinimumVisualStudioVersion = 10.0.40219.1
Project("{9A19103F-16F7-4668-BE54-9A1E7A4F7556}") = "Enkelt.Connector.PowerBI", "Enkelt.Connector.PowerBI\Enkelt.Connector.PowerBI.csproj", "{B525DA90-24E7-4C5E-B240-5C00A8A95E9B}"
EndProject
Project("{9A19103F-16F7-4668-BE54-9A1E7A4F7556}") = "Enkelt.Connector.AzureBlob", "Enkelt.Connector.AzureBlob\Enkelt.Connector.AzureBlob.csproj", "{C05C68AF-02EB-4F45-98E6-E6A4CB6D0113}"
EndProject
Project("{9A19103F-16F7-4668-BE54-9A1E7A4F7556}") = "EnkeltBKP.PowerBI", "EnkeltBKP.PowerBI\EnkeltBKP.PowerBI.csproj", "{1787BFB2-2370-4DF8-80C0-5B4B145021FA}"
EndProject
Project("{9A19103F-16F7-4668-BE54-9A1E7A4F7556}") = "EnkeltBKB.PowerBI.AzureFun", "EnkeltBKB.PowerBI.AzureFun\EnkeltBKB.PowerBI.AzureFun.csproj", "{3D8090A9-8232-4D05-8695-A228E42B9070}"
EndProject
Global
	GlobalSection(SolutionConfigurationPlatforms) = preSolution
		Debug|Any CPU = Debug|Any CPU
		Release|Any CPU = Release|Any CPU
	EndGlobalSection
	GlobalSection(ProjectConfigurationPlatforms) = postSolution
		{B525DA90-24E7-4C5E-B240-5C00A8A95E9B}.Debug|Any CPU.ActiveCfg = Debug|Any CPU
		{B525DA90-24E7-4C5E-B240-5C00A8A95E9B}.Debug|Any CPU.Build.0 = Debug|Any CPU
		{B525DA90-24E7-4C5E-B240-5C00A8A95E9B}.Release|Any CPU.ActiveCfg = Release|Any CPU
		{B525DA90-24E7-4C5E-B240-5C00A8A95E9B}.Release|Any CPU.Build.0 = Release|Any CPU
		{C05C68AF-02EB-4F45-98E6-E6A4CB6D0113}.Debug|Any CPU.ActiveCfg = Debug|Any CPU
		{C05C68AF-02EB-4F45-98E6-E6A4CB6D0113}.Debug|Any CPU.Build.0 = Debug|Any CPU
		{C05C68AF-02EB-4F45-98E6-E6A4CB6D0113}.Release|Any CPU.ActiveCfg = Release|Any CPU
		{C05C68AF-02EB-4F45-98E6-E6A4CB6D0113}.Release|Any CPU.Build.0 = Release|Any CPU
		{1787BFB2-2370-4DF8-80C0-5B4B145021FA}.Debug|Any CPU.ActiveCfg = Debug|Any CPU
		{1787BFB2-2370-4DF8-80C0-5B4B145021FA}.Debug|Any CPU.Build.0 = Debug|Any CPU
		{1787BFB2-2370-4DF8-80C0-5B4B145021FA}.Release|Any CPU.ActiveCfg = Release|Any CPU
		{1787BFB2-2370-4DF8-80C0-5B4B145021FA}.Release|Any CPU.Build.0 = Release|Any CPU
		{3D8090A9-8232-4D05-8695-A228E42B9070}.Debug|Any CPU.ActiveCfg = Debug|Any CPU
		{3D8090A9-8232-4D05-8695-A228E42B9070}.Debug|Any CPU.Build.0 = Debug|Any CPU
		{3D8090A9-8232-4D05-8695-A228E42B9070}.Release|Any CPU.ActiveCfg = Release|Any CPU
		{3D8090A9-8232-4D05-8695-A228E42B9070}.Release|Any CPU.Build.0 = Release|Any CPU
	EndGlobalSection
	GlobalSection(SolutionProperties) = preSolution
		HideSolutionNode = FALSE
	EndGlobalSection
	GlobalSection(ExtensibilityGlobals) = postSolution
		SolutionGuid = {3CBC83BF-5FB9-4B9B-9D55-A34D31E9A54E}
	EndGlobalSection
EndGlobal
