
Microsoft Visual Studio Solution File, Format Version 12.00
# Visual Studio Version 16
VisualStudioVersion = 16.0.30225.117
MinimumVisualStudioVersion = 10.0.40219.1
Project("{FAE04EC0-301F-11D3-BF4B-00C04F79EFBC}") = "PowerBI_Backup_Test", "PowerBI_Backup_Test\PowerBI_Backup_Test.csproj", "{DCF70B83-EEB8-4574-A3EB-B32481E1BE28}"
EndProject
Project("{FAE04EC0-301F-11D3-BF4B-00C04F79EFBC}") = "Enkelt.Connector.PowerBI", "Enkelt.Connector.PowerBI\Enkelt.Connector.PowerBI.csproj", "{B525DA90-24E7-4C5E-B240-5C00A8A95E9B}"
EndProject
Project("{FAE04EC0-301F-11D3-BF4B-00C04F79EFBC}") = "Enkelt.Connector.AzureBlob", "Enkelt.Connector.AzureBlob\Enkelt.Connector.AzureBlob.csproj", "{C05C68AF-02EB-4F45-98E6-E6A4CB6D0113}"
EndProject
Project("{FAE04EC0-301F-11D3-BF4B-00C04F79EFBC}") = "EnkeltBKP.PowerBI", "EnkeltBKP.PowerBI\EnkeltBKP.PowerBI.csproj", "{1787BFB2-2370-4DF8-80C0-5B4B145021FA}"
EndProject
Project("{FAE04EC0-301F-11D3-BF4B-00C04F79EFBC}") = "EnkeltBKB.PowerBI.AzureFun", "EnkeltBKB.PowerBI.AzureFun\EnkeltBKB.PowerBI.AzureFun.csproj", "{97880888-824F-4068-AC46-B5C5626B5635}"
EndProject
Global
	GlobalSection(SolutionConfigurationPlatforms) = preSolution
		Debug|Any CPU = Debug|Any CPU
		Release|Any CPU = Release|Any CPU
	EndGlobalSection
	GlobalSection(ProjectConfigurationPlatforms) = postSolution
		{DCF70B83-EEB8-4574-A3EB-B32481E1BE28}.Debug|Any CPU.ActiveCfg = Debug|Any CPU
		{DCF70B83-EEB8-4574-A3EB-B32481E1BE28}.Debug|Any CPU.Build.0 = Debug|Any CPU
		{DCF70B83-EEB8-4574-A3EB-B32481E1BE28}.Release|Any CPU.ActiveCfg = Release|Any CPU
		{DCF70B83-EEB8-4574-A3EB-B32481E1BE28}.Release|Any CPU.Build.0 = Release|Any CPU
		{B525DA90-24E7-4C5E-B240-5C00A8A95E9B}.Debug|Any CPU.ActiveCfg = Debug|Any CPU
		{B525DA90-24E7-4C5E-B240-5C00A8A95E9B}.Debug|Any CPU.Build.0 = Debug|Any CPU
		{B525DA90-24E7-4C5E-B240-5C00A8A95E9B}.Release|Any CPU.ActiveCfg = Release|Any CPU
		{B525DA90-24E7-4C5E-B240-5C00A8A95E9B}.Release|Any CPU.Build.0 = Release|Any CPU
		{C05C68AF-02EB-4F45-98E6-E6A4CB6D0113}.Debug|Any CPU.ActiveCfg = Debug|Any CPU
		{C05C68AF-02EB-4F45-98E6-E6A4CB6D0113}.Debug|Any CPU.Build.0 = Debug|Any CPU
		{C05C68AF-02EB-4F45-98E6-E6A4CB6D0113}.Release|Any CPU.ActiveCfg = Release|Any CPU
		{C05C68AF-02EB-4F45-98E6-E6A4CB6D0113}.Release|Any CPU.Build.0 = Release|Any CPU
		{1787BFB2-2370-4DF8-80C0-5B4B145021FA}.Debug|Any CPU.ActiveCfg = Debug|Any CPU
		{1787BFB2-2370-4DF8-80C0-5B4B145021FA}.Debug|Any CPU.Build.0 = Debug|Any CPU
		{1787BFB2-2370-4DF8-80C0-5B4B145021FA}.Release|Any CPU.ActiveCfg = Release|Any CPU
		{1787BFB2-2370-4DF8-80C0-5B4B145021FA}.Release|Any CPU.Build.0 = Release|Any CPU
		{97880888-824F-4068-AC46-B5C5626B5635}.Debug|Any CPU.ActiveCfg = Debug|Any CPU
		{97880888-824F-4068-AC46-B5C5626B5635}.Debug|Any CPU.Build.0 = Debug|Any CPU
		{97880888-824F-4068-AC46-B5C5626B5635}.Release|Any CPU.ActiveCfg = Release|Any CPU
		{97880888-824F-4068-AC46-B5C5626B5635}.Release|Any CPU.Build.0 = Release|Any CPU
	EndGlobalSection
	GlobalSection(SolutionProperties) = preSolution
		HideSolutionNode = FALSE
	EndGlobalSection
	GlobalSection(ExtensibilityGlobals) = postSolution
		SolutionGuid = {3CBC83BF-5FB9-4B9B-9D55-A34D31E9A54E}
	EndGlobalSection
EndGlobal
